
Microsoft Visual Studio Solution File, Format Version 12.00
# Visual Studio Version 16
VisualStudioVersion = 16.0.31005.135
MinimumVisualStudioVersion = 10.0.40219.1
Project("{FAE04EC0-301F-11D3-BF4B-00C04F79EFBC}") = "FoodBang", "FoodBang\FoodBang.csproj", "{1F50D8E2-F718-4DEF-BAD4-01EB078668DD}"
EndProject
Global
	GlobalSection(SolutionConfigurationPlatforms) = preSolution
		Debug|Any CPU = Debug|Any CPU
		Release|Any CPU = Release|Any CPU
	EndGlobalSection
	GlobalSection(ProjectConfigurationPlatforms) = postSolution
		{1F50D8E2-F718-4DEF-BAD4-01EB078668DD}.Debug|Any CPU.ActiveCfg = Debug|Any CPU
		{1F50D8E2-F718-4DEF-BAD4-01EB078668DD}.Debug|Any CPU.Build.0 = Debug|Any CPU
		{1F50D8E2-F718-4DEF-BAD4-01EB078668DD}.Release|Any CPU.ActiveCfg = Release|Any CPU
		{1F50D8E2-F718-4DEF-BAD4-01EB078668DD}.Release|Any CPU.Build.0 = Release|Any CPU
	EndGlobalSection
	GlobalSection(SolutionProperties) = preSolution
		HideSolutionNode = FALSE
	EndGlobalSection
	GlobalSection(ExtensibilityGlobals) = postSolution
		SolutionGuid = {A0E89AF4-2B51-4B4C-8876-D6A43708BA47}
	EndGlobalSection
EndGlobal
